{
    "requires": true,
    "lockfileVersion": 1,
    "dependencies": {
        "jquery-touch-events": {
            "version": "1.0.7",
            "resolved": "https://registry.npmjs.org/jquery-touch-events/-/jquery-touch-events-1.0.7.tgz",
            "integrity": "sha1-RATo3e1gPnYumYle9QPsu/QC1m0="
        }
    }
}
